
Microsoft Visual Studio Solution File, Format Version 12.00
# Visual Studio Version 17
VisualStudioVersion = 17.5.33516.290
MinimumVisualStudioVersion = 10.0.40219.1
Project("{9A19103F-16F7-4668-BE54-9A1E7A4F7556}") = "FirstAzureApp", "FirstAzureApp.csproj", "{9C7E7F10-60A0-483B-BF57-EC2891F4D25E}"
EndProject
Project("{FAE04EC0-301F-11D3-BF4B-00C04F79EFBC}") = "FirstAzureAppTests", "..\FirstAzureAppTests\FirstAzureAppTests.csproj", "{B4E9E83B-C707-4DA1-8172-40536806D5D7}"
EndProject
Global
	GlobalSection(SolutionConfigurationPlatforms) = preSolution
		Debug|Any CPU = Debug|Any CPU
		Release|Any CPU = Release|Any CPU
	EndGlobalSection
	GlobalSection(ProjectConfigurationPlatforms) = postSolution
		{9C7E7F10-60A0-483B-BF57-EC2891F4D25E}.Debug|Any CPU.ActiveCfg = Debug|Any CPU
		{9C7E7F10-60A0-483B-BF57-EC2891F4D25E}.Debug|Any CPU.Build.0 = Debug|Any CPU
		{9C7E7F10-60A0-483B-BF57-EC2891F4D25E}.Release|Any CPU.ActiveCfg = Release|Any CPU
		{9C7E7F10-60A0-483B-BF57-EC2891F4D25E}.Release|Any CPU.Build.0 = Release|Any CPU
		{B4E9E83B-C707-4DA1-8172-40536806D5D7}.Debug|Any CPU.ActiveCfg = Debug|Any CPU
		{B4E9E83B-C707-4DA1-8172-40536806D5D7}.Debug|Any CPU.Build.0 = Debug|Any CPU
		{B4E9E83B-C707-4DA1-8172-40536806D5D7}.Release|Any CPU.ActiveCfg = Release|Any CPU
		{B4E9E83B-C707-4DA1-8172-40536806D5D7}.Release|Any CPU.Build.0 = Release|Any CPU
	EndGlobalSection
	GlobalSection(SolutionProperties) = preSolution
		HideSolutionNode = FALSE
	EndGlobalSection
	GlobalSection(ExtensibilityGlobals) = postSolution
		SolutionGuid = {40EFD4E8-6810-4B03-B1F7-4161BFD27332}
	EndGlobalSection
EndGlobal
